
Microsoft Visual Studio Solution File, Format Version 12.00
# Visual Studio Version 16
VisualStudioVersion = 16.0.32413.511
MinimumVisualStudioVersion = 10.0.40219.1
Project("{8BC9CEB8-8B4A-11D0-8D11-00A0C91BC942}") = "Data Structure", "Data Structure\Data Structure.vcxproj", "{41C392B4-0A90-46B1-8D24-C1A4531FCC21}"
EndProject
Project("{8BC9CEB8-8B4A-11D0-8D11-00A0C91BC942}") = "Property", "Property\Property.vcxproj", "{8A38E445-E723-4DC2-BDB7-D18034CD0CDE}"
EndProject
Global
	GlobalSection(SolutionConfigurationPlatforms) = preSolution
		Debug|x64 = Debug|x64
		Debug|x86 = Debug|x86
		Release|x64 = Release|x64
		Release|x86 = Release|x86
	EndGlobalSection
	GlobalSection(ProjectConfigurationPlatforms) = postSolution
		{41C392B4-0A90-46B1-8D24-C1A4531FCC21}.Debug|x64.ActiveCfg = Debug|x64
		{41C392B4-0A90-46B1-8D24-C1A4531FCC21}.Debug|x64.Build.0 = Debug|x64
		{41C392B4-0A90-46B1-8D24-C1A4531FCC21}.Debug|x86.ActiveCfg = Debug|Win32
		{41C392B4-0A90-46B1-8D24-C1A4531FCC21}.Debug|x86.Build.0 = Debug|Win32
		{41C392B4-0A90-46B1-8D24-C1A4531FCC21}.Release|x64.ActiveCfg = Release|x64
		{41C392B4-0A90-46B1-8D24-C1A4531FCC21}.Release|x64.Build.0 = Release|x64
		{41C392B4-0A90-46B1-8D24-C1A4531FCC21}.Release|x86.ActiveCfg = Release|Win32
		{41C392B4-0A90-46B1-8D24-C1A4531FCC21}.Release|x86.Build.0 = Release|Win32
		{8A38E445-E723-4DC2-BDB7-D18034CD0CDE}.Debug|x64.ActiveCfg = Debug|x64
		{8A38E445-E723-4DC2-BDB7-D18034CD0CDE}.Debug|x64.Build.0 = Debug|x64
		{8A38E445-E723-4DC2-BDB7-D18034CD0CDE}.Debug|x86.ActiveCfg = Debug|Win32
		{8A38E445-E723-4DC2-BDB7-D18034CD0CDE}.Debug|x86.Build.0 = Debug|Win32
		{8A38E445-E723-4DC2-BDB7-D18034CD0CDE}.Release|x64.ActiveCfg = Release|x64
		{8A38E445-E723-4DC2-BDB7-D18034CD0CDE}.Release|x64.Build.0 = Release|x64
		{8A38E445-E723-4DC2-BDB7-D18034CD0CDE}.Release|x86.ActiveCfg = Release|Win32
		{8A38E445-E723-4DC2-BDB7-D18034CD0CDE}.Release|x86.Build.0 = Release|Win32
	EndGlobalSection
	GlobalSection(SolutionProperties) = preSolution
		HideSolutionNode = FALSE
	EndGlobalSection
	GlobalSection(ExtensibilityGlobals) = postSolution
		SolutionGuid = {29D7B9F5-A666-4184-B3F7-73874F5514B7}
	EndGlobalSection
EndGlobal
